{
  "requires": true,
  "lockfileVersion": 1,
  "dependencies": {
    "my-util": {
      "version": "github:freewind-demos/javascript-npm-use-github-branch-as-dependency-demo#eb66bff6d67054d615ff5237028588d406cb61ff",
      "from": "github:freewind-demos/javascript-npm-use-github-branch-as-dependency-demo#util"
    }
  }
}
